{
  "name": "@zwfthcks/zwift-log-monitor",
  "version": "1.2.2",
  "lockfileVersion": 3,
  "requires": true,
  "packages": {
    "": {
      "name": "@zwfthcks/zwift-log-monitor",
      "version": "1.2.2",
      "license": "MIT",
      "dependencies": {
        "always-tail": "^0.2.0",
        "platform-paths": "^1.2.2"
      }
    },
    "node_modules/always-tail": {
      "version": "0.2.0",
      "resolved": "https://registry.npmjs.org/always-tail/-/always-tail-0.2.0.tgz",
      "integrity": "sha512-ixHs1j0+xChHt6v2OwxuPSL9udDnRegON1RezcbePdoZ+y6jGjXjA/f2SCuh9lrYxNWqJAvptOCxH2sov/zSyg==",
      "license": "MIT",
      "dependencies": {
        "debug": "~0.7.2"
      }
    },
    "node_modules/debug": {
      "version": "4.4.3",
      "resolved": "https://registry.npmjs.org/debug/-/debug-4.4.3.tgz",
      "integrity": "sha512-RGwwWnwQvkVfavKVt22FGLw+xYSdzARwm0ru6DhTVA3umU5hZc28V3kO4stgYryrTlLpuvgI9GiijltAjNbcqA==",
      "license": "MIT",
      "dependencies": {
        "ms": "^2.1.3"
      },
      "engines": {
        "node": ">=6.0"
      },
      "peerDependenciesMeta": {
        "supports-color": {
          "optional": true
        }
      }
    },
    "node_modules/ms": {
      "version": "2.1.3",
      "resolved": "https://registry.npmjs.org/ms/-/ms-2.1.3.tgz",
      "integrity": "sha512-6FlzubTLZG3J2a/NVCAleEhjzq5oxgHyaCU9yYXvcLsvoVaHJq/s5xXI6/XXP6tz7R9xAOtHnSO/tXtF3WRTlA==",
      "license": "MIT"
    },
    "node_modules/platform-paths": {
      "version": "1.2.2",
      "resolved": "https://registry.npmjs.org/platform-paths/-/platform-paths-1.2.2.tgz",
      "integrity": "sha512-CPCaaMyjpajNyDZjyCbn7jBGyZEwm1owTwuZDEvx9WDE1nfQ0MzQRXwnCzpXSyXZNUlZqOb0AaYrujJL4ykpRA==",
      "license": "MIT"
    }
  }
}
