{
  "name": "@zwfthcks/zwift-log-monitor",
  "version": "1.2.0",
  "lockfileVersion": 3,
  "requires": true,
  "packages": {
    "": {
      "name": "@zwfthcks/zwift-log-monitor",
      "version": "1.2.0",
      "license": "MIT",
      "dependencies": {
        "always-tail": "^0.2.0",
        "platform-paths": "^1.2.2"
      }
    },
    "node_modules/always-tail": {
      "version": "0.2.0",
      "resolved": "https://registry.npmjs.org/always-tail/-/always-tail-0.2.0.tgz",
      "integrity": "sha512-ixHs1j0+xChHt6v2OwxuPSL9udDnRegON1RezcbePdoZ+y6jGjXjA/f2SCuh9lrYxNWqJAvptOCxH2sov/zSyg==",
      "license": "MIT",
      "dependencies": {
        "debug": "~0.7.2"
      }
    },
    "node_modules/debug": {
      "version": "0.7.4",
      "resolved": "https://registry.npmjs.org/debug/-/debug-0.7.4.tgz",
      "integrity": "sha512-EohAb3+DSHSGx8carOSKJe8G0ayV5/i609OD0J2orCkuyae7SyZSz2aoLmQF2s0Pj5gITDebwPH7GFBlqOUQ1Q==",
      "engines": {
        "node": "*"
      }
    },
    "node_modules/platform-paths": {
      "version": "1.2.2",
      "resolved": "https://registry.npmjs.org/platform-paths/-/platform-paths-1.2.2.tgz",
      "integrity": "sha512-CPCaaMyjpajNyDZjyCbn7jBGyZEwm1owTwuZDEvx9WDE1nfQ0MzQRXwnCzpXSyXZNUlZqOb0AaYrujJL4ykpRA==",
      "license": "MIT"
    }
  }
}
